
Microsoft Visual Studio Solution File, Format Version 12.00
# Visual Studio 15
VisualStudioVersion = 15.0.26124.0
MinimumVisualStudioVersion = 15.0.26124.0
Project("{FAE04EC0-301F-11D3-BF4B-00C04F79EFBC}") = "PaymentContext.Domain", "PaymentContext.Domain\PaymentContext.Domain.csproj", "{B5428470-9A57-423D-93FF-0147F1D587DF}"
EndProject
Project("{FAE04EC0-301F-11D3-BF4B-00C04F79EFBC}") = "PaymentContext.Shared", "PaymentContext.Shared\PaymentContext.Shared.csproj", "{6F6EF7AE-342B-4F40-8CBA-C024ADF7B3C5}"
EndProject
Project("{FAE04EC0-301F-11D3-BF4B-00C04F79EFBC}") = "PaymentContext.Tests", "PaymentContext.Tests\PaymentContext.Tests.csproj", "{ECAF1009-C76E-4E19-9D3C-F3D8B6BBD685}"
EndProject
Global
	GlobalSection(SolutionConfigurationPlatforms) = preSolution
		Debug|Any CPU = Debug|Any CPU
		Debug|x64 = Debug|x64
		Debug|x86 = Debug|x86
		Release|Any CPU = Release|Any CPU
		Release|x64 = Release|x64
		Release|x86 = Release|x86
	EndGlobalSection
	GlobalSection(SolutionProperties) = preSolution
		HideSolutionNode = FALSE
	EndGlobalSection
	GlobalSection(ProjectConfigurationPlatforms) = postSolution
		{B5428470-9A57-423D-93FF-0147F1D587DF}.Debug|Any CPU.ActiveCfg = Debug|Any CPU
		{B5428470-9A57-423D-93FF-0147F1D587DF}.Debug|Any CPU.Build.0 = Debug|Any CPU
		{B5428470-9A57-423D-93FF-0147F1D587DF}.Debug|x64.ActiveCfg = Debug|Any CPU
		{B5428470-9A57-423D-93FF-0147F1D587DF}.Debug|x64.Build.0 = Debug|Any CPU
		{B5428470-9A57-423D-93FF-0147F1D587DF}.Debug|x86.ActiveCfg = Debug|Any CPU
		{B5428470-9A57-423D-93FF-0147F1D587DF}.Debug|x86.Build.0 = Debug|Any CPU
		{B5428470-9A57-423D-93FF-0147F1D587DF}.Release|Any CPU.ActiveCfg = Release|Any CPU
		{B5428470-9A57-423D-93FF-0147F1D587DF}.Release|Any CPU.Build.0 = Release|Any CPU
		{B5428470-9A57-423D-93FF-0147F1D587DF}.Release|x64.ActiveCfg = Release|Any CPU
		{B5428470-9A57-423D-93FF-0147F1D587DF}.Release|x64.Build.0 = Release|Any CPU
		{B5428470-9A57-423D-93FF-0147F1D587DF}.Release|x86.ActiveCfg = Release|Any CPU
		{B5428470-9A57-423D-93FF-0147F1D587DF}.Release|x86.Build.0 = Release|Any CPU
		{6F6EF7AE-342B-4F40-8CBA-C024ADF7B3C5}.Debug|Any CPU.ActiveCfg = Debug|Any CPU
		{6F6EF7AE-342B-4F40-8CBA-C024ADF7B3C5}.Debug|Any CPU.Build.0 = Debug|Any CPU
		{6F6EF7AE-342B-4F40-8CBA-C024ADF7B3C5}.Debug|x64.ActiveCfg = Debug|Any CPU
		{6F6EF7AE-342B-4F40-8CBA-C024ADF7B3C5}.Debug|x64.Build.0 = Debug|Any CPU
		{6F6EF7AE-342B-4F40-8CBA-C024ADF7B3C5}.Debug|x86.ActiveCfg = Debug|Any CPU
		{6F6EF7AE-342B-4F40-8CBA-C024ADF7B3C5}.Debug|x86.Build.0 = Debug|Any CPU
		{6F6EF7AE-342B-4F40-8CBA-C024ADF7B3C5}.Release|Any CPU.ActiveCfg = Release|Any CPU
		{6F6EF7AE-342B-4F40-8CBA-C024ADF7B3C5}.Release|Any CPU.Build.0 = Release|Any CPU
		{6F6EF7AE-342B-4F40-8CBA-C024ADF7B3C5}.Release|x64.ActiveCfg = Release|Any CPU
		{6F6EF7AE-342B-4F40-8CBA-C024ADF7B3C5}.Release|x64.Build.0 = Release|Any CPU
		{6F6EF7AE-342B-4F40-8CBA-C024ADF7B3C5}.Release|x86.ActiveCfg = Release|Any CPU
		{6F6EF7AE-342B-4F40-8CBA-C024ADF7B3C5}.Release|x86.Build.0 = Release|Any CPU
		{ECAF1009-C76E-4E19-9D3C-F3D8B6BBD685}.Debug|Any CPU.ActiveCfg = Debug|Any CPU
		{ECAF1009-C76E-4E19-9D3C-F3D8B6BBD685}.Debug|Any CPU.Build.0 = Debug|Any CPU
		{ECAF1009-C76E-4E19-9D3C-F3D8B6BBD685}.Debug|x64.ActiveCfg = Debug|Any CPU
		{ECAF1009-C76E-4E19-9D3C-F3D8B6BBD685}.Debug|x64.Build.0 = Debug|Any CPU
		{ECAF1009-C76E-4E19-9D3C-F3D8B6BBD685}.Debug|x86.ActiveCfg = Debug|Any CPU
		{ECAF1009-C76E-4E19-9D3C-F3D8B6BBD685}.Debug|x86.Build.0 = Debug|Any CPU
		{ECAF1009-C76E-4E19-9D3C-F3D8B6BBD685}.Release|Any CPU.ActiveCfg = Release|Any CPU
		{ECAF1009-C76E-4E19-9D3C-F3D8B6BBD685}.Release|Any CPU.Build.0 = Release|Any CPU
		{ECAF1009-C76E-4E19-9D3C-F3D8B6BBD685}.Release|x64.ActiveCfg = Release|Any CPU
		{ECAF1009-C76E-4E19-9D3C-F3D8B6BBD685}.Release|x64.Build.0 = Release|Any CPU
		{ECAF1009-C76E-4E19-9D3C-F3D8B6BBD685}.Release|x86.ActiveCfg = Release|Any CPU
		{ECAF1009-C76E-4E19-9D3C-F3D8B6BBD685}.Release|x86.Build.0 = Release|Any CPU
	EndGlobalSection
EndGlobal
